// !$*UTF8*$!
{
	archiveVersion = 1;
	classes = {
	};
	objectVersion = 46;
	objects = {

/* Begin PBXBuildFile section */
		17982E451D8DACFD00E4FCA7 /* ALAssetsLibrary+additions.m in Sources */ = {isa = PBXBuildFile; fileRef = 17982E1A1D8DACFD00E4FCA7 /* ALAssetsLibrary+additions.m */; };
		17982E461D8DACFD00E4FCA7 /* ALAssetsLibrary+CustomPhotoAlbum.m in Sources */ = {isa = PBXBuildFile; fileRef = 17982E1C1D8DACFD00E4FCA7 /* ALAssetsLibrary+CustomPhotoAlbum.m */; };
		17982E471D8DACFD00E4FCA7 /* NSObject+EditImageProperty.m in Sources */ = {isa = PBXBuildFile; fileRef = 17982E1F1D8DACFD00E4FCA7 /* NSObject+EditImageProperty.m */; };
		17982E481D8DACFD00E4FCA7 /* NSObject+SwizzMethod.m in Sources */ = {isa = PBXBuildFile; fileRef = 17982E211D8DACFD00E4FCA7 /* NSObject+SwizzMethod.m */; };
		17982E491D8DACFD00E4FCA7 /* NSUserDefaults+SaveRead.m in Sources */ = {isa = PBXBuildFile; fileRef = 17982E241D8DACFD00E4FCA7 /* NSUserDefaults+SaveRead.m */; };
		17982E4A1D8DACFD00E4FCA7 /* UIColor+HexColor.m in Sources */ = {isa = PBXBuildFile; fileRef = 17982E271D8DACFD00E4FCA7 /* UIColor+HexColor.m */; };
		17982E4D1D8DACFD00E4FCA7 /* UIResponder+Router.m in Sources */ = {isa = PBXBuildFile; fileRef = 17982E2F1D8DACFD00E4FCA7 /* UIResponder+Router.m */; };
		17982E4E1D8DACFD00E4FCA7 /* UITabBar+CustomBadge.m in Sources */ = {isa = PBXBuildFile; fileRef = 17982E321D8DACFD00E4FCA7 /* UITabBar+CustomBadge.m */; };
		17982E4F1D8DACFD00E4FCA7 /* UITabBarItem+Additions.m in Sources */ = {isa = PBXBuildFile; fileRef = 17982E351D8DACFD00E4FCA7 /* UITabBarItem+Additions.m */; };
		17982E501D8DACFD00E4FCA7 /* UITableViewCell+LoadData.m in Sources */ = {isa = PBXBuildFile; fileRef = 17982E381D8DACFD00E4FCA7 /* UITableViewCell+LoadData.m */; };
		17982E511D8DACFD00E4FCA7 /* UITextField+additions.m in Sources */ = {isa = PBXBuildFile; fileRef = 17982E3B1D8DACFD00E4FCA7 /* UITextField+additions.m */; };
		17982E521D8DACFD00E4FCA7 /* UITextField+ExtentRange.m in Sources */ = {isa = PBXBuildFile; fileRef = 17982E3D1D8DACFD00E4FCA7 /* UITextField+ExtentRange.m */; };
		17982E531D8DACFD00E4FCA7 /* UIView+FindFirstResponder.m in Sources */ = {isa = PBXBuildFile; fileRef = 17982E401D8DACFD00E4FCA7 /* UIView+FindFirstResponder.m */; };
		17982E541D8DACFD00E4FCA7 /* UIView+PassMsgToSubViews.m in Sources */ = {isa = PBXBuildFile; fileRef = 17982E421D8DACFD00E4FCA7 /* UIView+PassMsgToSubViews.m */; };
		17982E551D8DACFD00E4FCA7 /* UIView+Size.m in Sources */ = {isa = PBXBuildFile; fileRef = 17982E441D8DACFD00E4FCA7 /* UIView+Size.m */; };
		D40662741D867C3700635AA4 /* UIImageView+LoadImgAfterScrolled.m in Sources */ = {isa = PBXBuildFile; fileRef = D40662731D867C3700635AA4 /* UIImageView+LoadImgAfterScrolled.m */; };
		D41A2E431D6E876700208848 /* ALAssetsLibrary+CustomPhotoAlbum.m in Sources */ = {isa = PBXBuildFile; fileRef = D41A2E211D6E876700208848 /* ALAssetsLibrary+CustomPhotoAlbum.m */; };
		D41A2E441D6E876700208848 /* NSObject+SwizzMethod.m in Sources */ = {isa = PBXBuildFile; fileRef = D41A2E241D6E876700208848 /* NSObject+SwizzMethod.m */; };
		D41A2E451D6E876700208848 /* UIColor+HexColor.m in Sources */ = {isa = PBXBuildFile; fileRef = D41A2E281D6E876700208848 /* UIColor+HexColor.m */; };
		D41A2E481D6E876700208848 /* UIResponder+Router.m in Sources */ = {isa = PBXBuildFile; fileRef = D41A2E301D6E876700208848 /* UIResponder+Router.m */; };
		D41A2E491D6E876700208848 /* UITabBar+CustomBadge.m in Sources */ = {isa = PBXBuildFile; fileRef = D41A2E331D6E876700208848 /* UITabBar+CustomBadge.m */; };
		D41A2E4B1D6E876700208848 /* UITextField+additions.m in Sources */ = {isa = PBXBuildFile; fileRef = D41A2E3A1D6E876700208848 /* UITextField+additions.m */; };
		D41A2E4D1D6E876700208848 /* UIView+FindFirstResponder.m in Sources */ = {isa = PBXBuildFile; fileRef = D41A2E3F1D6E876700208848 /* UIView+FindFirstResponder.m */; };
		D41A2E4E1D6E876700208848 /* UIView+Size.m in Sources */ = {isa = PBXBuildFile; fileRef = D41A2E411D6E876700208848 /* UIView+Size.m */; };
		D4CC2AAA1D26446A001B3542 /* main.m in Sources */ = {isa = PBXBuildFile; fileRef = D4CC2AA91D26446A001B3542 /* main.m */; };
		D4CC2AAD1D26446A001B3542 /* AppDelegate.m in Sources */ = {isa = PBXBuildFile; fileRef = D4CC2AAC1D26446A001B3542 /* AppDelegate.m */; };
		D4CC2AB01D26446A001B3542 /* ViewController.m in Sources */ = {isa = PBXBuildFile; fileRef = D4CC2AAF1D26446A001B3542 /* ViewController.m */; };
		D4CC2AB31D26446A001B3542 /* Main.storyboard in Resources */ = {isa = PBXBuildFile; fileRef = D4CC2AB11D26446A001B3542 /* Main.storyboard */; };
		D4CC2AB51D26446A001B3542 /* Assets.xcassets in Resources */ = {isa = PBXBuildFile; fileRef = D4CC2AB41D26446A001B3542 /* Assets.xcassets */; };
		D4CC2AB81D26446A001B3542 /* LaunchScreen.storyboard in Resources */ = {isa = PBXBuildFile; fileRef = D4CC2AB61D26446A001B3542 /* LaunchScreen.storyboard */; };
		D4E97EB91E4ACC9C00A20B2B /* UIImage+Compress.m in Sources */ = {isa = PBXBuildFile; fileRef = D4E97EB61E4ACC9C00A20B2B /* UIImage+Compress.m */; };
		D4E97EBA1E4ACC9C00A20B2B /* UIImage+CornerRadius.m in Sources */ = {isa = PBXBuildFile; fileRef = D4E97EB81E4ACC9C00A20B2B /* UIImage+CornerRadius.m */; };
/* End PBXBuildFile section */

/* Begin PBXFileReference section */
		17982E191D8DACFD00E4FCA7 /* ALAssetsLibrary+additions.h */ = {isa = PBXFileReference; fileEncoding = 4; lastKnownFileType = sourcecode.c.h; path = "ALAssetsLibrary+additions.h"; sourceTree = "<group>"; };
		17982E1A1D8DACFD00E4FCA7 /* ALAssetsLibrary+additions.m */ = {isa = PBXFileReference; fileEncoding = 4; lastKnownFileType = sourcecode.c.objc; path = "ALAssetsLibrary+additions.m"; sourceTree = "<group>"; };
		17982E1B1D8DACFD00E4FCA7 /* ALAssetsLibrary+CustomPhotoAlbum.h */ = {isa = PBXFileReference; fileEncoding = 4; lastKnownFileType = sourcecode.c.h; path = "ALAssetsLibrary+CustomPhotoAlbum.h"; sourceTree = "<group>"; };
		17982E1C1D8DACFD00E4FCA7 /* ALAssetsLibrary+CustomPhotoAlbum.m */ = {isa = PBXFileReference; fileEncoding = 4; lastKnownFileType = sourcecode.c.objc; path = "ALAssetsLibrary+CustomPhotoAlbum.m"; sourceTree = "<group>"; };
		17982E1E1D8DACFD00E4FCA7 /* NSObject+EditImageProperty.h */ = {isa = PBXFileReference; fileEncoding = 4; lastKnownFileType = sourcecode.c.h; path = "NSObject+EditImageProperty.h"; sourceTree = "<group>"; };
		17982E1F1D8DACFD00E4FCA7 /* NSObject+EditImageProperty.m */ = {isa = PBXFileReference; fileEncoding = 4; lastKnownFileType = sourcecode.c.objc; path = "NSObject+EditImageProperty.m"; sourceTree = "<group>"; };
		17982E201D8DACFD00E4FCA7 /* NSObject+SwizzMethod.h */ = {isa = PBXFileReference; fileEncoding = 4; lastKnownFileType = sourcecode.c.h; path = "NSObject+SwizzMethod.h"; sourceTree = "<group>"; };
		17982E211D8DACFD00E4FCA7 /* NSObject+SwizzMethod.m */ = {isa = PBXFileReference; fileEncoding = 4; lastKnownFileType = sourcecode.c.objc; path = "NSObject+SwizzMethod.m"; sourceTree = "<group>"; };
		17982E231D8DACFD00E4FCA7 /* NSUserDefaults+SaveRead.h */ = {isa = PBXFileReference; fileEncoding = 4; lastKnownFileType = sourcecode.c.h; path = "NSUserDefaults+SaveRead.h"; sourceTree = "<group>"; };
		17982E241D8DACFD00E4FCA7 /* NSUserDefaults+SaveRead.m */ = {isa = PBXFileReference; fileEncoding = 4; lastKnownFileType = sourcecode.c.objc; path = "NSUserDefaults+SaveRead.m"; sourceTree = "<group>"; };
		17982E261D8DACFD00E4FCA7 /* UIColor+HexColor.h */ = {isa = PBXFileReference; fileEncoding = 4; lastKnownFileType = sourcecode.c.h; path = "UIColor+HexColor.h"; sourceTree = "<group>"; };
		17982E271D8DACFD00E4FCA7 /* UIColor+HexColor.m */ = {isa = PBXFileReference; fileEncoding = 4; lastKnownFileType = sourcecode.c.objc; path = "UIColor+HexColor.m"; sourceTree = "<group>"; };
		17982E2E1D8DACFD00E4FCA7 /* UIResponder+Router.h */ = {isa = PBXFileReference; fileEncoding = 4; lastKnownFileType = sourcecode.c.h; path = "UIResponder+Router.h"; sourceTree = "<group>"; };
		17982E2F1D8DACFD00E4FCA7 /* UIResponder+Router.m */ = {isa = PBXFileReference; fileEncoding = 4; lastKnownFileType = sourcecode.c.objc; path = "UIResponder+Router.m"; sourceTree = "<group>"; };
		17982E311D8DACFD00E4FCA7 /* UITabBar+CustomBadge.h */ = {isa = PBXFileReference; fileEncoding = 4; lastKnownFileType = sourcecode.c.h; path = "UITabBar+CustomBadge.h"; sourceTree = "<group>"; };
		17982E321D8DACFD00E4FCA7 /* UITabBar+CustomBadge.m */ = {isa = PBXFileReference; fileEncoding = 4; lastKnownFileType = sourcecode.c.objc; path = "UITabBar+CustomBadge.m"; sourceTree = "<group>"; };
		17982E341D8DACFD00E4FCA7 /* UITabBarItem+Additions.h */ = {isa = PBXFileReference; fileEncoding = 4; lastKnownFileType = sourcecode.c.h; path = "UITabBarItem+Additions.h"; sourceTree = "<group>"; };
		17982E351D8DACFD00E4FCA7 /* UITabBarItem+Additions.m */ = {isa = PBXFileReference; fileEncoding = 4; lastKnownFileType = sourcecode.c.objc; path = "UITabBarItem+Additions.m"; sourceTree = "<group>"; };
		17982E371D8DACFD00E4FCA7 /* UITableViewCell+LoadData.h */ = {isa = PBXFileReference; fileEncoding = 4; lastKnownFileType = sourcecode.c.h; path = "UITableViewCell+LoadData.h"; sourceTree = "<group>"; };
		17982E381D8DACFD00E4FCA7 /* UITableViewCell+LoadData.m */ = {isa = PBXFileReference; fileEncoding = 4; lastKnownFileType = sourcecode.c.objc; path = "UITableViewCell+LoadData.m"; sourceTree = "<group>"; };
		17982E3A1D8DACFD00E4FCA7 /* UITextField+additions.h */ = {isa = PBXFileReference; fileEncoding = 4; lastKnownFileType = sourcecode.c.h; path = "UITextField+additions.h"; sourceTree = "<group>"; };
		17982E3B1D8DACFD00E4FCA7 /* UITextField+additions.m */ = {isa = PBXFileReference; fileEncoding = 4; lastKnownFileType = sourcecode.c.objc; path = "UITextField+additions.m"; sourceTree = "<group>"; };
		17982E3C1D8DACFD00E4FCA7 /* UITextField+ExtentRange.h */ = {isa = PBXFileReference; fileEncoding = 4; lastKnownFileType = sourcecode.c.h; path = "UITextField+ExtentRange.h"; sourceTree = "<group>"; };
		17982E3D1D8DACFD00E4FCA7 /* UITextField+ExtentRange.m */ = {isa = PBXFileReference; fileEncoding = 4; lastKnownFileType = sourcecode.c.objc; path = "UITextField+ExtentRange.m"; sourceTree = "<group>"; };
		17982E3F1D8DACFD00E4FCA7 /* UIView+FindFirstResponder.h */ = {isa = PBXFileReference; fileEncoding = 4; lastKnownFileType = sourcecode.c.h; path = "UIView+FindFirstResponder.h"; sourceTree = "<group>"; };
		17982E401D8DACFD00E4FCA7 /* UIView+FindFirstResponder.m */ = {isa = PBXFileReference; fileEncoding = 4; lastKnownFileType = sourcecode.c.objc; path = "UIView+FindFirstResponder.m"; sourceTree = "<group>"; };
		17982E411D8DACFD00E4FCA7 /* UIView+PassMsgToSubViews.h */ = {isa = PBXFileReference; fileEncoding = 4; lastKnownFileType = sourcecode.c.h; path = "UIView+PassMsgToSubViews.h"; sourceTree = "<group>"; };
		17982E421D8DACFD00E4FCA7 /* UIView+PassMsgToSubViews.m */ = {isa = PBXFileReference; fileEncoding = 4; lastKnownFileType = sourcecode.c.objc; path = "UIView+PassMsgToSubViews.m"; sourceTree = "<group>"; };
		17982E431D8DACFD00E4FCA7 /* UIView+Size.h */ = {isa = PBXFileReference; fileEncoding = 4; lastKnownFileType = sourcecode.c.h; path = "UIView+Size.h"; sourceTree = "<group>"; };
		17982E441D8DACFD00E4FCA7 /* UIView+Size.m */ = {isa = PBXFileReference; fileEncoding = 4; lastKnownFileType = sourcecode.c.objc; path = "UIView+Size.m"; sourceTree = "<group>"; };
		D40662721D867C3700635AA4 /* UIImageView+LoadImgAfterScrolled.h */ = {isa = PBXFileReference; fileEncoding = 4; lastKnownFileType = sourcecode.c.h; path = "UIImageView+LoadImgAfterScrolled.h"; sourceTree = "<group>"; };
		D40662731D867C3700635AA4 /* UIImageView+LoadImgAfterScrolled.m */ = {isa = PBXFileReference; fileEncoding = 4; lastKnownFileType = sourcecode.c.objc; path = "UIImageView+LoadImgAfterScrolled.m"; sourceTree = "<group>"; };
		D41A2E211D6E876700208848 /* ALAssetsLibrary+CustomPhotoAlbum.m */ = {isa = PBXFileReference; fileEncoding = 4; lastKnownFileType = sourcecode.c.objc; path = "ALAssetsLibrary+CustomPhotoAlbum.m"; sourceTree = "<group>"; };
		D41A2E241D6E876700208848 /* NSObject+SwizzMethod.m */ = {isa = PBXFileReference; fileEncoding = 4; lastKnownFileType = sourcecode.c.objc; path = "NSObject+SwizzMethod.m"; sourceTree = "<group>"; };
		D41A2E281D6E876700208848 /* UIColor+HexColor.m */ = {isa = PBXFileReference; fileEncoding = 4; lastKnownFileType = sourcecode.c.objc; path = "UIColor+HexColor.m"; sourceTree = "<group>"; };
		D41A2E301D6E876700208848 /* UIResponder+Router.m */ = {isa = PBXFileReference; fileEncoding = 4; lastKnownFileType = sourcecode.c.objc; path = "UIResponder+Router.m"; sourceTree = "<group>"; };
		D41A2E331D6E876700208848 /* UITabBar+CustomBadge.m */ = {isa = PBXFileReference; fileEncoding = 4; lastKnownFileType = sourcecode.c.objc; path = "UITabBar+CustomBadge.m"; sourceTree = "<group>"; };
		D41A2E3A1D6E876700208848 /* UITextField+additions.m */ = {isa = PBXFileReference; fileEncoding = 4; lastKnownFileType = sourcecode.c.objc; path = "UITextField+additions.m"; sourceTree = "<group>"; };
		D41A2E3F1D6E876700208848 /* UIView+FindFirstResponder.m */ = {isa = PBXFileReference; fileEncoding = 4; lastKnownFileType = sourcecode.c.objc; path = "UIView+FindFirstResponder.m"; sourceTree = "<group>"; };
		D41A2E411D6E876700208848 /* UIView+Size.m */ = {isa = PBXFileReference; fileEncoding = 4; lastKnownFileType = sourcecode.c.objc; path = "UIView+Size.m"; sourceTree = "<group>"; };
		D4CC2AA51D26446A001B3542 /* Categorys.app */ = {isa = PBXFileReference; explicitFileType = wrapper.application; includeInIndex = 0; path = Categorys.app; sourceTree = BUILT_PRODUCTS_DIR; };
		D4CC2AA91D26446A001B3542 /* main.m */ = {isa = PBXFileReference; lastKnownFileType = sourcecode.c.objc; path = main.m; sourceTree = "<group>"; };
		D4CC2AAB1D26446A001B3542 /* AppDelegate.h */ = {isa = PBXFileReference; lastKnownFileType = sourcecode.c.h; path = AppDelegate.h; sourceTree = "<group>"; };
		D4CC2AAC1D26446A001B3542 /* AppDelegate.m */ = {isa = PBXFileReference; lastKnownFileType = sourcecode.c.objc; path = AppDelegate.m; sourceTree = "<group>"; };
		D4CC2AAE1D26446A001B3542 /* ViewController.h */ = {isa = PBXFileReference; lastKnownFileType = sourcecode.c.h; path = ViewController.h; sourceTree = "<group>"; };
		D4CC2AAF1D26446A001B3542 /* ViewController.m */ = {isa = PBXFileReference; lastKnownFileType = sourcecode.c.objc; path = ViewController.m; sourceTree = "<group>"; };
		D4CC2AB21D26446A001B3542 /* Base */ = {isa = PBXFileReference; lastKnownFileType = file.storyboard; name = Base; path = Base.lproj/Main.storyboard; sourceTree = "<group>"; };
		D4CC2AB41D26446A001B3542 /* Assets.xcassets */ = {isa = PBXFileReference; lastKnownFileType = folder.assetcatalog; path = Assets.xcassets; sourceTree = "<group>"; };
		D4CC2AB71D26446A001B3542 /* Base */ = {isa = PBXFileReference; lastKnownFileType = file.storyboard; name = Base; path = Base.lproj/LaunchScreen.storyboard; sourceTree = "<group>"; };
		D4CC2AB91D26446A001B3542 /* Info.plist */ = {isa = PBXFileReference; lastKnownFileType = text.plist.xml; path = Info.plist; sourceTree = "<group>"; };
		D4E97EB51E4ACC9C00A20B2B /* UIImage+Compress.h */ = {isa = PBXFileReference; fileEncoding = 4; lastKnownFileType = sourcecode.c.h; path = "UIImage+Compress.h"; sourceTree = "<group>"; };
		D4E97EB61E4ACC9C00A20B2B /* UIImage+Compress.m */ = {isa = PBXFileReference; fileEncoding = 4; lastKnownFileType = sourcecode.c.objc; path = "UIImage+Compress.m"; sourceTree = "<group>"; };
		D4E97EB71E4ACC9C00A20B2B /* UIImage+CornerRadius.h */ = {isa = PBXFileReference; fileEncoding = 4; lastKnownFileType = sourcecode.c.h; path = "UIImage+CornerRadius.h"; sourceTree = "<group>"; };
		D4E97EB81E4ACC9C00A20B2B /* UIImage+CornerRadius.m */ = {isa = PBXFileReference; fileEncoding = 4; lastKnownFileType = sourcecode.c.objc; path = "UIImage+CornerRadius.m"; sourceTree = "<group>"; };
/* End PBXFileReference section */

/* Begin PBXFrameworksBuildPhase section */
		D4CC2AA21D26446A001B3542 /* Frameworks */ = {
			isa = PBXFrameworksBuildPhase;
			buildActionMask = 2147483647;
			files = (
			);
			runOnlyForDeploymentPostprocessing = 0;
		};
/* End PBXFrameworksBuildPhase section */

/* Begin PBXGroup section */
		17982E171D8DACFD00E4FCA7 /* Categorys */ = {
			isa = PBXGroup;
			children = (
				17982E181D8DACFD00E4FCA7 /* ALAssetsLibrary */,
				17982E1D1D8DACFD00E4FCA7 /* NSObject */,
				17982E221D8DACFD00E4FCA7 /* NSUserDefaults */,
				17982E251D8DACFD00E4FCA7 /* UIColor */,
				17982E281D8DACFD00E4FCA7 /* UIImage */,
				17982E2D1D8DACFD00E4FCA7 /* UIResponder */,
				17982E301D8DACFD00E4FCA7 /* UITabBar */,
				17982E331D8DACFD00E4FCA7 /* UITabBarItem */,
				17982E361D8DACFD00E4FCA7 /* UITableviewCell */,
				17982E391D8DACFD00E4FCA7 /* UITextField */,
				17982E3E1D8DACFD00E4FCA7 /* UIView */,
			);
			path = Categorys;
			sourceTree = "<group>";
		};
		17982E181D8DACFD00E4FCA7 /* ALAssetsLibrary */ = {
			isa = PBXGroup;
			children = (
				17982E191D8DACFD00E4FCA7 /* ALAssetsLibrary+additions.h */,
				17982E1A1D8DACFD00E4FCA7 /* ALAssetsLibrary+additions.m */,
				17982E1B1D8DACFD00E4FCA7 /* ALAssetsLibrary+CustomPhotoAlbum.h */,
				17982E1C1D8DACFD00E4FCA7 /* ALAssetsLibrary+CustomPhotoAlbum.m */,
			);
			path = ALAssetsLibrary;
			sourceTree = "<group>";
		};
		17982E1D1D8DACFD00E4FCA7 /* NSObject */ = {
			isa = PBXGroup;
			children = (
				17982E1E1D8DACFD00E4FCA7 /* NSObject+EditImageProperty.h */,
				17982E1F1D8DACFD00E4FCA7 /* NSObject+EditImageProperty.m */,
				17982E201D8DACFD00E4FCA7 /* NSObject+SwizzMethod.h */,
				17982E211D8DACFD00E4FCA7 /* NSObject+SwizzMethod.m */,
			);
			path = NSObject;
			sourceTree = "<group>";
		};
		17982E221D8DACFD00E4FCA7 /* NSUserDefaults */ = {
			isa = PBXGroup;
			children = (
				17982E231D8DACFD00E4FCA7 /* NSUserDefaults+SaveRead.h */,
				17982E241D8DACFD00E4FCA7 /* NSUserDefaults+SaveRead.m */,
			);
			path = NSUserDefaults;
			sourceTree = "<group>";
		};
		17982E251D8DACFD00E4FCA7 /* UIColor */ = {
			isa = PBXGroup;
			children = (
				17982E261D8DACFD00E4FCA7 /* UIColor+HexColor.h */,
				17982E271D8DACFD00E4FCA7 /* UIColor+HexColor.m */,
			);
			path = UIColor;
			sourceTree = "<group>";
		};
		17982E281D8DACFD00E4FCA7 /* UIImage */ = {
			isa = PBXGroup;
			children = (
				D4E97EB51E4ACC9C00A20B2B /* UIImage+Compress.h */,
				D4E97EB61E4ACC9C00A20B2B /* UIImage+Compress.m */,
				D4E97EB71E4ACC9C00A20B2B /* UIImage+CornerRadius.h */,
				D4E97EB81E4ACC9C00A20B2B /* UIImage+CornerRadius.m */,
				D40662721D867C3700635AA4 /* UIImageView+LoadImgAfterScrolled.h */,
				D40662731D867C3700635AA4 /* UIImageView+LoadImgAfterScrolled.m */,
			);
			path = UIImage;
			sourceTree = "<group>";
		};
		17982E2D1D8DACFD00E4FCA7 /* UIResponder */ = {
			isa = PBXGroup;
			children = (
				17982E2E1D8DACFD00E4FCA7 /* UIResponder+Router.h */,
				17982E2F1D8DACFD00E4FCA7 /* UIResponder+Router.m */,
			);
			path = UIResponder;
			sourceTree = "<group>";
		};
		17982E301D8DACFD00E4FCA7 /* UITabBar */ = {
			isa = PBXGroup;
			children = (
				17982E311D8DACFD00E4FCA7 /* UITabBar+CustomBadge.h */,
				17982E321D8DACFD00E4FCA7 /* UITabBar+CustomBadge.m */,
			);
			path = UITabBar;
			sourceTree = "<group>";
		};
		17982E331D8DACFD00E4FCA7 /* UITabBarItem */ = {
			isa = PBXGroup;
			children = (
				17982E341D8DACFD00E4FCA7 /* UITabBarItem+Additions.h */,
				17982E351D8DACFD00E4FCA7 /* UITabBarItem+Additions.m */,
			);
			path = UITabBarItem;
			sourceTree = "<group>";
		};
		17982E361D8DACFD00E4FCA7 /* UITableviewCell */ = {
			isa = PBXGroup;
			children = (
				17982E371D8DACFD00E4FCA7 /* UITableViewCell+LoadData.h */,
				17982E381D8DACFD00E4FCA7 /* UITableViewCell+LoadData.m */,
			);
			path = UITableviewCell;
			sourceTree = "<group>";
		};
		17982E391D8DACFD00E4FCA7 /* UITextField */ = {
			isa = PBXGroup;
			children = (
				17982E3A1D8DACFD00E4FCA7 /* UITextField+additions.h */,
				17982E3B1D8DACFD00E4FCA7 /* UITextField+additions.m */,
				17982E3C1D8DACFD00E4FCA7 /* UITextField+ExtentRange.h */,
				17982E3D1D8DACFD00E4FCA7 /* UITextField+ExtentRange.m */,
			);
			path = UITextField;
			sourceTree = "<group>";
		};
		17982E3E1D8DACFD00E4FCA7 /* UIView */ = {
			isa = PBXGroup;
			children = (
				17982E3F1D8DACFD00E4FCA7 /* UIView+FindFirstResponder.h */,
				17982E401D8DACFD00E4FCA7 /* UIView+FindFirstResponder.m */,
				17982E411D8DACFD00E4FCA7 /* UIView+PassMsgToSubViews.h */,
				17982E421D8DACFD00E4FCA7 /* UIView+PassMsgToSubViews.m */,
				17982E431D8DACFD00E4FCA7 /* UIView+Size.h */,
				17982E441D8DACFD00E4FCA7 /* UIView+Size.m */,
			);
			path = UIView;
			sourceTree = "<group>";
		};
		D4CC2A9C1D26446A001B3542 = {
			isa = PBXGroup;
			children = (
				D4CC2AA71D26446A001B3542 /* Categorys */,
				D4CC2AA61D26446A001B3542 /* Products */,
			);
			sourceTree = "<group>";
		};
		D4CC2AA61D26446A001B3542 /* Products */ = {
			isa = PBXGroup;
			children = (
				D4CC2AA51D26446A001B3542 /* Categorys.app */,
			);
			name = Products;
			sourceTree = "<group>";
		};
		D4CC2AA71D26446A001B3542 /* Categorys */ = {
			isa = PBXGroup;
			children = (
				17982E171D8DACFD00E4FCA7 /* Categorys */,
				D4CC2AAB1D26446A001B3542 /* AppDelegate.h */,
				D4CC2AAC1D26446A001B3542 /* AppDelegate.m */,
				D4CC2AAE1D26446A001B3542 /* ViewController.h */,
				D4CC2AAF1D26446A001B3542 /* ViewController.m */,
				D4CC2AB11D26446A001B3542 /* Main.storyboard */,
				D4CC2AB41D26446A001B3542 /* Assets.xcassets */,
				D4CC2AB61D26446A001B3542 /* LaunchScreen.storyboard */,
				D4CC2AB91D26446A001B3542 /* Info.plist */,
				D4CC2AA81D26446A001B3542 /* Supporting Files */,
			);
			path = Categorys;
			sourceTree = "<group>";
		};
		D4CC2AA81D26446A001B3542 /* Supporting Files */ = {
			isa = PBXGroup;
			children = (
				D4CC2AA91D26446A001B3542 /* main.m */,
			);
			name = "Supporting Files";
			sourceTree = "<group>";
		};
/* End PBXGroup section */

/* Begin PBXNativeTarget section */
		D4CC2AA41D26446A001B3542 /* Categorys */ = {
			isa = PBXNativeTarget;
			buildConfigurationList = D4CC2ABC1D26446A001B3542 /* Build configuration list for PBXNativeTarget "Categorys" */;
			buildPhases = (
				D4CC2AA11D26446A001B3542 /* Sources */,
				D4CC2AA21D26446A001B3542 /* Frameworks */,
				D4CC2AA31D26446A001B3542 /* Resources */,
			);
			buildRules = (
			);
			dependencies = (
			);
			name = Categorys;
			productName = Categorys;
			productReference = D4CC2AA51D26446A001B3542 /* Categorys.app */;
			productType = "com.apple.product-type.application";
		};
/* End PBXNativeTarget section */

/* Begin PBXProject section */
		D4CC2A9D1D26446A001B3542 /* Project object */ = {
			isa = PBXProject;
			attributes = {
				LastUpgradeCheck = 0730;
				ORGANIZATIONNAME = tongxuan;
				TargetAttributes = {
					D4CC2AA41D26446A001B3542 = {
						CreatedOnToolsVersion = 7.3.1;
					};
				};
			};
			buildConfigurationList = D4CC2AA01D26446A001B3542 /* Build configuration list for PBXProject "Categorys" */;
			compatibilityVersion = "Xcode 3.2";
			developmentRegion = English;
			hasScannedForEncodings = 0;
			knownRegions = (
				en,
				Base,
			);
			mainGroup = D4CC2A9C1D26446A001B3542;
			productRefGroup = D4CC2AA61D26446A001B3542 /* Products */;
			projectDirPath = "";
			projectRoot = "";
			targets = (
				D4CC2AA41D26446A001B3542 /* Categorys */,
			);
		};
/* End PBXProject section */

/* Begin PBXResourcesBuildPhase section */
		D4CC2AA31D26446A001B3542 /* Resources */ = {
			isa = PBXResourcesBuildPhase;
			buildActionMask = 2147483647;
			files = (
				D4CC2AB81D26446A001B3542 /* LaunchScreen.storyboard in Resources */,
				D4CC2AB51D26446A001B3542 /* Assets.xcassets in Resources */,
				D4CC2AB31D26446A001B3542 /* Main.storyboard in Resources */,
			);
			runOnlyForDeploymentPostprocessing = 0;
		};
/* End PBXResourcesBuildPhase section */

/* Begin PBXSourcesBuildPhase section */
		D4CC2AA11D26446A001B3542 /* Sources */ = {
			isa = PBXSourcesBuildPhase;
			buildActionMask = 2147483647;
			files = (
				D41A2E491D6E876700208848 /* UITabBar+CustomBadge.m in Sources */,
				D40662741D867C3700635AA4 /* UIImageView+LoadImgAfterScrolled.m in Sources */,
				D41A2E451D6E876700208848 /* UIColor+HexColor.m in Sources */,
				D41A2E481D6E876700208848 /* UIResponder+Router.m in Sources */,
				D41A2E441D6E876700208848 /* NSObject+SwizzMethod.m in Sources */,
				D41A2E4D1D6E876700208848 /* UIView+FindFirstResponder.m in Sources */,
				D41A2E431D6E876700208848 /* ALAssetsLibrary+CustomPhotoAlbum.m in Sources */,
				D41A2E4E1D6E876700208848 /* UIView+Size.m in Sources */,
				D41A2E4B1D6E876700208848 /* UITextField+additions.m in Sources */,
				17982E541D8DACFD00E4FCA7 /* UIView+PassMsgToSubViews.m in Sources */,
				17982E471D8DACFD00E4FCA7 /* NSObject+EditImageProperty.m in Sources */,
				17982E461D8DACFD00E4FCA7 /* ALAssetsLibrary+CustomPhotoAlbum.m in Sources */,
				17982E4F1D8DACFD00E4FCA7 /* UITabBarItem+Additions.m in Sources */,
				17982E511D8DACFD00E4FCA7 /* UITextField+additions.m in Sources */,
				17982E521D8DACFD00E4FCA7 /* UITextField+ExtentRange.m in Sources */,
				17982E4E1D8DACFD00E4FCA7 /* UITabBar+CustomBadge.m in Sources */,
				17982E501D8DACFD00E4FCA7 /* UITableViewCell+LoadData.m in Sources */,
				17982E491D8DACFD00E4FCA7 /* NSUserDefaults+SaveRead.m in Sources */,
				D4CC2AB01D26446A001B3542 /* ViewController.m in Sources */,
				17982E451D8DACFD00E4FCA7 /* ALAssetsLibrary+additions.m in Sources */,
				17982E551D8DACFD00E4FCA7 /* UIView+Size.m in Sources */,
				17982E4A1D8DACFD00E4FCA7 /* UIColor+HexColor.m in Sources */,
				D4CC2AAD1D26446A001B3542 /* AppDelegate.m in Sources */,
				17982E481D8DACFD00E4FCA7 /* NSObject+SwizzMethod.m in Sources */,
				17982E531D8DACFD00E4FCA7 /* UIView+FindFirstResponder.m in Sources */,
				D4E97EB91E4ACC9C00A20B2B /* UIImage+Compress.m in Sources */,
				D4CC2AAA1D26446A001B3542 /* main.m in Sources */,
				D4E97EBA1E4ACC9C00A20B2B /* UIImage+CornerRadius.m in Sources */,
				17982E4D1D8DACFD00E4FCA7 /* UIResponder+Router.m in Sources */,
			);
			runOnlyForDeploymentPostprocessing = 0;
		};
/* End PBXSourcesBuildPhase section */

/* Begin PBXVariantGroup section */
		D4CC2AB11D26446A001B3542 /* Main.storyboard */ = {
			isa = PBXVariantGroup;
			children = (
				D4CC2AB21D26446A001B3542 /* Base */,
			);
			name = Main.storyboard;
			sourceTree = "<group>";
		};
		D4CC2AB61D26446A001B3542 /* LaunchScreen.storyboard */ = {
			isa = PBXVariantGroup;
			children = (
				D4CC2AB71D26446A001B3542 /* Base */,
			);
			name = LaunchScreen.storyboard;
			sourceTree = "<group>";
		};
/* End PBXVariantGroup section */

/* Begin XCBuildConfiguration section */
		D4CC2ABA1D26446A001B3542 /* Debug */ = {
			isa = XCBuildConfiguration;
			buildSettings = {
				ALWAYS_SEARCH_USER_PATHS = NO;
				CLANG_ANALYZER_NONNULL = YES;
				CLANG_CXX_LANGUAGE_STANDARD = "gnu++0x";
				CLANG_CXX_LIBRARY = "libc++";
				CLANG_ENABLE_MODULES = YES;
				CLANG_ENABLE_OBJC_ARC = YES;
				CLANG_WARN_BOOL_CONVERSION = YES;
				CLANG_WARN_CONSTANT_CONVERSION = YES;
				CLANG_WARN_DIRECT_OBJC_ISA_USAGE = YES_ERROR;
				CLANG_WARN_EMPTY_BODY = YES;
				CLANG_WARN_ENUM_CONVERSION = YES;
				CLANG_WARN_INT_CONVERSION = YES;
				CLANG_WARN_OBJC_ROOT_CLASS = YES_ERROR;
				CLANG_WARN_UNREACHABLE_CODE = YES;
				CLANG_WARN__DUPLICATE_METHOD_MATCH = YES;
				"CODE_SIGN_IDENTITY[sdk=iphoneos*]" = "iPhone Developer";
				COPY_PHASE_STRIP = NO;
				DEBUG_INFORMATION_FORMAT = dwarf;
				ENABLE_STRICT_OBJC_MSGSEND = YES;
				ENABLE_TESTABILITY = YES;
				GCC_C_LANGUAGE_STANDARD = gnu99;
				GCC_DYNAMIC_NO_PIC = NO;
				GCC_NO_COMMON_BLOCKS = YES;
				GCC_OPTIMIZATION_LEVEL = 0;
				GCC_PREPROCESSOR_DEFINITIONS = (
					"DEBUG=1",
					"$(inherited)",
				);
				GCC_WARN_64_TO_32_BIT_CONVERSION = YES;
				GCC_WARN_ABOUT_RETURN_TYPE = YES_ERROR;
				GCC_WARN_UNDECLARED_SELECTOR = YES;
				GCC_WARN_UNINITIALIZED_AUTOS = YES_AGGRESSIVE;
				GCC_WARN_UNUSED_FUNCTION = YES;
				GCC_WARN_UNUSED_VARIABLE = YES;
				IPHONEOS_DEPLOYMENT_TARGET = 9.3;
				MTL_ENABLE_DEBUG_INFO = YES;
				ONLY_ACTIVE_ARCH = YES;
				SDKROOT = iphoneos;
			};
			name = Debug;
		};
		D4CC2ABB1D26446A001B3542 /* Release */ = {
			isa = XCBuildConfiguration;
			buildSettings = {
				ALWAYS_SEARCH_USER_PATHS = NO;
				CLANG_ANALYZER_NONNULL = YES;
				CLANG_CXX_LANGUAGE_STANDARD = "gnu++0x";
				CLANG_CXX_LIBRARY = "libc++";
				CLANG_ENABLE_MODULES = YES;
				CLANG_ENABLE_OBJC_ARC = YES;
				CLANG_WARN_BOOL_CONVERSION = YES;
				CLANG_WARN_CONSTANT_CONVERSION = YES;
				CLANG_WARN_DIRECT_OBJC_ISA_USAGE = YES_ERROR;
				CLANG_WARN_EMPTY_BODY = YES;
				CLANG_WARN_ENUM_CONVERSION = YES;
				CLANG_WARN_INT_CONVERSION = YES;
				CLANG_WARN_OBJC_ROOT_CLASS = YES_ERROR;
				CLANG_WARN_UNREACHABLE_CODE = YES;
				CLANG_WARN__DUPLICATE_METHOD_MATCH = YES;
				"CODE_SIGN_IDENTITY[sdk=iphoneos*]" = "iPhone Developer";
				COPY_PHASE_STRIP = NO;
				DEBUG_INFORMATION_FORMAT = "dwarf-with-dsym";
				ENABLE_NS_ASSERTIONS = NO;
				ENABLE_STRICT_OBJC_MSGSEND = YES;
				GCC_C_LANGUAGE_STANDARD = gnu99;
				GCC_NO_COMMON_BLOCKS = YES;
				GCC_WARN_64_TO_32_BIT_CONVERSION = YES;
				GCC_WARN_ABOUT_RETURN_TYPE = YES_ERROR;
				GCC_WARN_UNDECLARED_SELECTOR = YES;
				GCC_WARN_UNINITIALIZED_AUTOS = YES_AGGRESSIVE;
				GCC_WARN_UNUSED_FUNCTION = YES;
				GCC_WARN_UNUSED_VARIABLE = YES;
				IPHONEOS_DEPLOYMENT_TARGET = 9.3;
				MTL_ENABLE_DEBUG_INFO = NO;
				SDKROOT = iphoneos;
				VALIDATE_PRODUCT = YES;
			};
			name = Release;
		};
		D4CC2ABD1D26446A001B3542 /* Debug */ = {
			isa = XCBuildConfiguration;
			buildSettings = {
				ASSETCATALOG_COMPILER_APPICON_NAME = AppIcon;
				INFOPLIST_FILE = Categorys/Info.plist;
				IPHONEOS_DEPLOYMENT_TARGET = 7.0;
				LD_RUNPATH_SEARCH_PATHS = "$(inherited) @executable_path/Frameworks";
				PRODUCT_BUNDLE_IDENTIFIER = tongxuan.Categorys;
				PRODUCT_NAME = "$(TARGET_NAME)";
			};
			name = Debug;
		};
		D4CC2ABE1D26446A001B3542 /* Release */ = {
			isa = XCBuildConfiguration;
			buildSettings = {
				ASSETCATALOG_COMPILER_APPICON_NAME = AppIcon;
				INFOPLIST_FILE = Categorys/Info.plist;
				IPHONEOS_DEPLOYMENT_TARGET = 7.0;
				LD_RUNPATH_SEARCH_PATHS = "$(inherited) @executable_path/Frameworks";
				PRODUCT_BUNDLE_IDENTIFIER = tongxuan.Categorys;
				PRODUCT_NAME = "$(TARGET_NAME)";
			};
			name = Release;
		};
/* End XCBuildConfiguration section */

/* Begin XCConfigurationList section */
		D4CC2AA01D26446A001B3542 /* Build configuration list for PBXProject "Categorys" */ = {
			isa = XCConfigurationList;
			buildConfigurations = (
				D4CC2ABA1D26446A001B3542 /* Debug */,
				D4CC2ABB1D26446A001B3542 /* Release */,
			);
			defaultConfigurationIsVisible = 0;
			defaultConfigurationName = Release;
		};
		D4CC2ABC1D26446A001B3542 /* Build configuration list for PBXNativeTarget "Categorys" */ = {
			isa = XCConfigurationList;
			buildConfigurations = (
				D4CC2ABD1D26446A001B3542 /* Debug */,
				D4CC2ABE1D26446A001B3542 /* Release */,
			);
			defaultConfigurationIsVisible = 0;
			defaultConfigurationName = Release;
		};
/* End XCConfigurationList section */
	};
	rootObject = D4CC2A9D1D26446A001B3542 /* Project object */;
}
